
Microsoft Visual Studio Solution File, Format Version 12.00
# Visual Studio Version 17
VisualStudioVersion = 17.9.34728.123
MinimumVisualStudioVersion = 10.0.40219.1
Project("{FAE04EC0-301F-11D3-BF4B-00C04F79EFBC}") = "Jafarlee", "Jafarlee\Jafarlee.csproj", "{5521A17B-58E5-4E56-93C9-D2774F6BCCE4}"
EndProject
Global
	GlobalSection(SolutionConfigurationPlatforms) = preSolution
		Debug|Any CPU = Debug|Any CPU
		Release|Any CPU = Release|Any CPU
	EndGlobalSection
	GlobalSection(ProjectConfigurationPlatforms) = postSolution
		{5521A17B-58E5-4E56-93C9-D2774F6BCCE4}.Debug|Any CPU.ActiveCfg = Debug|Any CPU
		{5521A17B-58E5-4E56-93C9-D2774F6BCCE4}.Debug|Any CPU.Build.0 = Debug|Any CPU
		{5521A17B-58E5-4E56-93C9-D2774F6BCCE4}.Release|Any CPU.ActiveCfg = Release|Any CPU
		{5521A17B-58E5-4E56-93C9-D2774F6BCCE4}.Release|Any CPU.Build.0 = Release|Any CPU
	EndGlobalSection
	GlobalSection(SolutionProperties) = preSolution
		HideSolutionNode = FALSE
	EndGlobalSection
	GlobalSection(ExtensibilityGlobals) = postSolution
		SolutionGuid = {967B2030-3B7E-4608-8DE3-3FBD039D21B0}
	EndGlobalSection
EndGlobal
